
Microsoft Visual Studio Solution File, Format Version 12.00
# Visual Studio Version 16
VisualStudioVersion = 16.0.30804.86
MinimumVisualStudioVersion = 10.0.40219.1
Project("{FAE04EC0-301F-11D3-BF4B-00C04F79EFBC}") = "DependencyInjection", "DependencyInjection\DependencyInjection.csproj", "{FC823DCC-D243-4B9B-912F-0EB27F77C82D}"
EndProject
Global
	GlobalSection(SolutionConfigurationPlatforms) = preSolution
		Debug|Any CPU = Debug|Any CPU
		Release|Any CPU = Release|Any CPU
	EndGlobalSection
	GlobalSection(ProjectConfigurationPlatforms) = postSolution
		{FC823DCC-D243-4B9B-912F-0EB27F77C82D}.Debug|Any CPU.ActiveCfg = Debug|Any CPU
		{FC823DCC-D243-4B9B-912F-0EB27F77C82D}.Debug|Any CPU.Build.0 = Debug|Any CPU
		{FC823DCC-D243-4B9B-912F-0EB27F77C82D}.Release|Any CPU.ActiveCfg = Release|Any CPU
		{FC823DCC-D243-4B9B-912F-0EB27F77C82D}.Release|Any CPU.Build.0 = Release|Any CPU
	EndGlobalSection
	GlobalSection(SolutionProperties) = preSolution
		HideSolutionNode = FALSE
	EndGlobalSection
	GlobalSection(ExtensibilityGlobals) = postSolution
		SolutionGuid = {38050C23-E77F-4D38-A2BD-ADB174343B09}
	EndGlobalSection
EndGlobal
